
Microsoft Visual Studio Solution File, Format Version 12.00
# Visual Studio Version 17
VisualStudioVersion = 17.5.33530.505
MinimumVisualStudioVersion = 10.0.40219.1
Project("{888888A0-9F3D-457C-B088-3A5042F75D52}") = "Mojang QRcode python", "Mojang QRcode python.pyproj", "{7B143636-4930-4B3E-BC5A-57BBBCFE7FCB}"
EndProject
Global
	GlobalSection(SolutionConfigurationPlatforms) = preSolution
		Debug|Any CPU = Debug|Any CPU
		Release|Any CPU = Release|Any CPU
	EndGlobalSection
	GlobalSection(ProjectConfigurationPlatforms) = postSolution
		{7B143636-4930-4B3E-BC5A-57BBBCFE7FCB}.Debug|Any CPU.ActiveCfg = Debug|Any CPU
		{7B143636-4930-4B3E-BC5A-57BBBCFE7FCB}.Release|Any CPU.ActiveCfg = Release|Any CPU
	EndGlobalSection
	GlobalSection(SolutionProperties) = preSolution
		HideSolutionNode = FALSE
	EndGlobalSection
	GlobalSection(ExtensibilityGlobals) = postSolution
		SolutionGuid = {D7C5077C-B740-4EA6-BFC1-311129F2CAE3}
	EndGlobalSection
EndGlobal
